{
    "_meta": {
        "hash": {
            "sha256": "4d59571164ba431d2ed91c5219424ce1d3b041f66637d27d1b6f959c38794e95"
        },
        "pipfile-spec": 6,
        "requires": {
            "python_version": "3.6"
        },
        "sources": [
            {
                "name": "pypi",
                "url": "https://pypi.org/simple",
                "verify_ssl": true
            }
        ]
    },
    "default": {
        "pika": {
            "hashes": [
                "sha256:035e4e46069a81d1135eed27cf74ef0fedf9a0a32285966717233529e9f69bae",
                "sha256:306145b8683e016d81aea996bcaefee648483fc5a9eb4694bb488f54df54a751"
            ],
            "index": "pypi",
            "version": "==0.12.0"
        },
        "pokeball": {
            "hashes": [
                "sha256:8a07a1f69e43dd150ef2151200bad5f5b00ec13ecfe6a2b5de31bb25fccc3534"
            ],
            "index": "pypi",
            "version": "==0.4"
        },
        "python-mpd2": {
            "hashes": [
                "sha256:29119e3a88ef4a6f15acb1b83bab9344fba8eefc370e0144ffb77f5138e65dd7",
                "sha256:772fa6861273bb9f363a97987c2c45ca3965eb770570f1f02566efec9c89fc5f"
            ],
            "index": "pypi",
            "version": "==1.0.0"
        }
    },
    "develop": {}
}
